{
    "_readme": [
        "This file locks the dependencies of your project to a known state",
        "Read more about it at https://getcomposer.org/doc/01-basic-usage.md#installing-dependencies",
        "This file is @generated automatically"
    ],
    "content-hash": "05956b275320babfb250bfe2821e2338",
    "packages": [
        {
            "name": "artificialowl/my-small-php-tools",
            "version": "v22.1.0",
            "source": {
                "type": "git",
                "url": "https://github.com/ArtificialOwl/my-small-php-tools.git",
                "reference": "5d859c50cbca9f5e7b0e03fab919496310d8b8f7"
            },
            "dist": {
                "type": "zip",
                "url": "https://api.github.com/repos/ArtificialOwl/my-small-php-tools/zipball/5d859c50cbca9f5e7b0e03fab919496310d8b8f7",
                "reference": "5d859c50cbca9f5e7b0e03fab919496310d8b8f7",
                "shasum": ""
            },
            "require": {
                "php": ">=7.0"
            },
            "type": "library",
            "autoload": {
                "psr-4": {
                    "ArtificialOwl\\MySmallPhpTools\\": "lib/"
                }
            },
            "notification-url": "https://packagist.org/downloads/",
            "license": [
                "AGPL-3.0-or-later"
            ],
            "authors": [
                {
                    "name": "Maxence Lange",
                    "email": "maxence@artificial-owl.com"
                }
            ],
            "description": "My small PHP Tools",
            "support": {
                "issues": "https://github.com/ArtificialOwl/my-small-php-tools/issues",
                "source": "https://github.com/ArtificialOwl/my-small-php-tools/tree/v22.1.0"
            },
            "time": "2021-06-17T22:35:19+00:00"
        }
    ],
    "packages-dev": [],
    "aliases": [],
    "minimum-stability": "stable",
    "stability-flags": [],
    "prefer-stable": false,
    "prefer-lowest": false,
    "platform": [],
    "platform-dev": [],
    "plugin-api-version": "2.0.0"
}
