{
    "_readme": [
        "This file locks the dependencies of your project to a known state",
        "Read more about it at https://getcomposer.org/doc/01-basic-usage.md#installing-dependencies",
        "This file is @generated automatically"
    ],
    "content-hash": "389b11fd75faac22900774275327383c",
    "packages": [],
    "packages-dev": [
        {
            "name": "psalm/phar",
            "version": "6.10.3",
            "source": {
                "type": "git",
                "url": "https://github.com/psalm/phar.git",
                "reference": "def3601fadc6436502c8be4c66174c2df859692d"
            },
            "dist": {
                "type": "zip",
                "url": "https://api.github.com/repos/psalm/phar/zipball/def3601fadc6436502c8be4c66174c2df859692d",
                "reference": "def3601fadc6436502c8be4c66174c2df859692d",
                "shasum": ""
            },
            "require": {
                "php": "^8.2"
            },
            "conflict": {
                "vimeo/psalm": "*"
            },
            "bin": [
                "psalm.phar"
            ],
            "type": "library",
            "notification-url": "https://packagist.org/downloads/",
            "license": [
                "MIT"
            ],
            "description": "Composer-based Psalm Phar",
            "support": {
                "issues": "https://github.com/psalm/phar/issues",
                "source": "https://github.com/psalm/phar/tree/6.10.3"
            },
            "time": "2025-05-05T18:27:31+00:00"
        }
    ],
    "aliases": [],
    "minimum-stability": "stable",
    "stability-flags": {},
    "prefer-stable": false,
    "prefer-lowest": false,
    "platform": {},
    "platform-dev": {},
    "plugin-api-version": "2.6.0"
}
